{
  "version": "4",
  "specifiers": {
    "npm:@babel/core@^7.26.10": "7.27.4",
    "npm:@types/babel-core@*": "6.25.10",
    "npm:@types/babel__core@*": "7.20.5",
    "npm:@types/node@*": "22.5.4"
  },
  "npm": {
    "@ampproject/remapping@2.3.0": {
      "integrity": "sha512-30iZtAPgz+LTIYoeivqYo853f02jBYSd5uGnGpkFV0M3xOt9aN73erkgYAmZU43x4VfqcnLxW9Kpg3R5LC4YYw==",
      "dependencies": [
        "@jridgewell/gen-mapping",
        "@jridgewell/trace-mapping"
      ]
    },
    "@babel/code-frame@7.27.1": {
      "integrity": "sha512-cjQ7ZlQ0Mv3b47hABuTevyTuYN4i+loJKGeV9flcCgIK37cCXRh+L1bd3iBHlynerhQ7BhCkn2BPbQUL+rGqFg==",
      "dependencies": [
        "@babel/helper-validator-identifier",
        "js-tokens",
        "picocolors"
      ]
    },
    "@babel/compat-data@7.27.5": {
      "integrity": "sha512-KiRAp/VoJaWkkte84TvUd9qjdbZAdiqyvMxrGl1N6vzFogKmaLgoM3L1kgtLicp2HP5fBJS8JrZKLVIZGVJAVg=="
    },
    "@babel/core@7.27.4": {
      "integrity": "sha512-bXYxrXFubeYdvB0NhD/NBB3Qi6aZeV20GOWVI47t2dkecCEoneR4NPVcb7abpXDEvejgrUfFtG6vG/zxAKmg+g==",
      "dependencies": [
        "@ampproject/remapping",
        "@babel/code-frame",
        "@babel/generator",
        "@babel/helper-compilation-targets",
        "@babel/helper-module-transforms",
        "@babel/helpers",
        "@babel/parser",
        "@babel/template",
        "@babel/traverse",
        "@babel/types",
        "convert-source-map",
        "debug",
        "gensync",
        "json5",
        "semver"
      ]
    },
    "@babel/generator@7.27.5": {
      "integrity": "sha512-ZGhA37l0e/g2s1Cnzdix0O3aLYm66eF8aufiVteOgnwxgnRP8GoyMj7VWsgWnQbVKXyge7hqrFh2K2TQM6t1Hw==",
      "dependencies": [
        "@babel/parser",
        "@babel/types",
        "@jridgewell/gen-mapping",
        "@jridgewell/trace-mapping",
        "jsesc"
      ]
    },
    "@babel/helper-compilation-targets@7.27.2": {
      "integrity": "sha512-2+1thGUUWWjLTYTHZWK1n8Yga0ijBz1XAhUXcKy81rd5g6yh7hGqMp45v7cadSbEHc9G3OTv45SyneRN3ps4DQ==",
      "dependencies": [
        "@babel/compat-data",
        "@babel/helper-validator-option",
        "browserslist",
        "lru-cache",
        "semver"
      ]
    },
    "@babel/helper-module-imports@7.27.1": {
      "integrity": "sha512-0gSFWUPNXNopqtIPQvlD5WgXYI5GY2kP2cCvoT8kczjbfcfuIljTbcWrulD1CIPIX2gt1wghbDy08yE1p+/r3w==",
      "dependencies": [
        "@babel/traverse",
        "@babel/types"
      ]
    },
    "@babel/helper-module-transforms@7.27.3_@babel+core@7.27.4": {
      "integrity": "sha512-dSOvYwvyLsWBeIRyOeHXp5vPj5l1I011r52FM1+r1jCERv+aFXYk4whgQccYEGYxK2H3ZAIA8nuPkQ0HaUo3qg==",
      "dependencies": [
        "@babel/core",
        "@babel/helper-module-imports",
        "@babel/helper-validator-identifier",
        "@babel/traverse"
      ]
    },
    "@babel/helper-string-parser@7.27.1": {
      "integrity": "sha512-qMlSxKbpRlAridDExk92nSobyDdpPijUq2DW6oDnUqd0iOGxmQjyqhMIihI9+zv4LPyZdRje2cavWPbCbWm3eA=="
    },
    "@babel/helper-validator-identifier@7.27.1": {
      "integrity": "sha512-D2hP9eA+Sqx1kBZgzxZh0y1trbuU+JoDkiEwqhQ36nodYqJwyEIhPSdMNd7lOm/4io72luTPWH20Yda0xOuUow=="
    },
    "@babel/helper-validator-option@7.27.1": {
      "integrity": "sha512-YvjJow9FxbhFFKDSuFnVCe2WxXk1zWc22fFePVNEaWJEu8IrZVlda6N0uHwzZrUM1il7NC9Mlp4MaJYbYd9JSg=="
    },
    "@babel/helpers@7.27.6": {
      "integrity": "sha512-muE8Tt8M22638HU31A3CgfSUciwz1fhATfoVai05aPXGor//CdWDCbnlY1yvBPo07njuVOCNGCSp/GTt12lIug==",
      "dependencies": [
        "@babel/template",
        "@babel/types"
      ]
    },
    "@babel/parser@7.27.5": {
      "integrity": "sha512-OsQd175SxWkGlzbny8J3K8TnnDD0N3lrIUtB92xwyRpzaenGZhxDvxN/JgU00U3CDZNj9tPuDJ5H0WS4Nt3vKg==",
      "dependencies": [
        "@babel/types"
      ]
    },
    "@babel/template@7.27.2": {
      "integrity": "sha512-LPDZ85aEJyYSd18/DkjNh4/y1ntkE5KwUHWTiqgRxruuZL2F1yuHligVHLvcHY2vMHXttKFpJn6LwfI7cw7ODw==",
      "dependencies": [
        "@babel/code-frame",
        "@babel/parser",
        "@babel/types"
      ]
    },
    "@babel/traverse@7.27.4": {
      "integrity": "sha512-oNcu2QbHqts9BtOWJosOVJapWjBDSxGCpFvikNR5TGDYDQf3JwpIoMzIKrvfoti93cLfPJEG4tH9SPVeyCGgdA==",
      "dependencies": [
        "@babel/code-frame",
        "@babel/generator",
        "@babel/parser",
        "@babel/template",
        "@babel/types",
        "debug",
        "globals"
      ]
    },
    "@babel/types@7.27.6": {
      "integrity": "sha512-ETyHEk2VHHvl9b9jZP5IHPavHYk57EhanlRRuae9XCpb/j5bDCbPPMOBfCWhnl/7EDJz0jEMCi/RhccCE8r1+Q==",
      "dependencies": [
        "@babel/helper-string-parser",
        "@babel/helper-validator-identifier"
      ]
    },
    "@jridgewell/gen-mapping@0.3.8": {
      "integrity": "sha512-imAbBGkb+ebQyxKgzv5Hu2nmROxoDOXHh80evxdoXNOrvAnVx7zimzc1Oo5h9RlfV4vPXaE2iM5pOFbvOCClWA==",
      "dependencies": [
        "@jridgewell/set-array",
        "@jridgewell/sourcemap-codec",
        "@jridgewell/trace-mapping"
      ]
    },
    "@jridgewell/resolve-uri@3.1.2": {
      "integrity": "sha512-bRISgCIjP20/tbWSPWMEi54QVPRZExkuD9lJL+UIxUKtwVJA8wW1Trb1jMs1RFXo1CBTNZ/5hpC9QvmKWdopKw=="
    },
    "@jridgewell/set-array@1.2.1": {
      "integrity": "sha512-R8gLRTZeyp03ymzP/6Lil/28tGeGEzhx1q2k703KGWRAI1VdvPIXdG70VJc2pAMw3NA6JKL5hhFu1sJX0Mnn/A=="
    },
    "@jridgewell/sourcemap-codec@1.5.0": {
      "integrity": "sha512-gv3ZRaISU3fjPAgNsriBRqGWQL6quFx04YMPW/zD8XMLsU32mhCCbfbO6KZFLjvYpCZ8zyDEgqsgf+PwPaM7GQ=="
    },
    "@jridgewell/trace-mapping@0.3.25": {
      "integrity": "sha512-vNk6aEwybGtawWmy/PzwnGDOjCkLWSD2wqvjGGAgOAwCGWySYXfYoxt00IJkTF+8Lb57DwOb3Aa0o9CApepiYQ==",
      "dependencies": [
        "@jridgewell/resolve-uri",
        "@jridgewell/sourcemap-codec"
      ]
    },
    "@types/babel-core@6.25.10": {
      "integrity": "sha512-VyqZTf+n8wj+8Powi4k2PwQiHT6ESJb6BEX5IETfmPzdZ9G2sOtFIopdpC2TI3T4Tmf1Shys2QeRv4ZBi4U2EA==",
      "dependencies": [
        "@types/babel-generator",
        "@types/babel-template",
        "@types/babel-traverse",
        "@types/babel-types",
        "@types/babylon"
      ]
    },
    "@types/babel-generator@6.25.8": {
      "integrity": "sha512-f5l89J0UpYhTE6TFCxy3X+8pJVru1eig1fcvF9qHmOk9h1VxZimd+++tu5GShntCOdhE/MoZZ0SlpGTyh4XrKg==",
      "dependencies": [
        "@types/babel-types"
      ]
    },
    "@types/babel-template@6.25.5": {
      "integrity": "sha512-1f+n65xfg9ukqz+BaHYrCWe3Fymv4Ho0i9fU/MHri8MQKU+S4n+vexR5hXs+94d/fsaMLMP45q0hX6FRspKLiQ==",
      "dependencies": [
        "@types/babel-types",
        "@types/babylon"
      ]
    },
    "@types/babel-traverse@6.25.10": {
      "integrity": "sha512-B3XitTFG8YeXb5lr7Nj62t1DikCDuAJ/4BDeK6GCuWREEmdunI9DWnv+81oHl2yQBQPWY/C1PmV3vaRZB4LQmw==",
      "dependencies": [
        "@types/babel-types"
      ]
    },
    "@types/babel-types@7.0.16": {
      "integrity": "sha512-5QXs9GBFTNTmilLlWBhnsprqpjfrotyrnzUdwDrywEL/DA4LuCWQT300BTOXA3Y9ngT9F2uvmCoIxI6z8DlJEA=="
    },
    "@types/babel__core@7.20.5": {
      "integrity": "sha512-qoQprZvz5wQFJwMDqeseRXWv3rqMvhgpbXFfVyWhbx9X47POIA6i/+dXefEmZKoAgOaTdaIgNSMqMIU61yRyzA==",
      "dependencies": [
        "@babel/parser",
        "@babel/types",
        "@types/babel__generator",
        "@types/babel__template",
        "@types/babel__traverse"
      ]
    },
    "@types/babel__generator@7.27.0": {
      "integrity": "sha512-ufFd2Xi92OAVPYsy+P4n7/U7e68fex0+Ee8gSG9KX7eo084CWiQ4sdxktvdl0bOPupXtVJPY19zk6EwWqUQ8lg==",
      "dependencies": [
        "@babel/types"
      ]
    },
    "@types/babel__template@7.4.4": {
      "integrity": "sha512-h/NUaSyG5EyxBIp8YRxo4RMe2/qQgvyowRwVMzhYhBCONbW8PUsg4lkFMrhgZhUe5z3L3MiLDuvyJ/CaPa2A8A==",
      "dependencies": [
        "@babel/parser",
        "@babel/types"
      ]
    },
    "@types/babel__traverse@7.20.7": {
      "integrity": "sha512-dkO5fhS7+/oos4ciWxyEyjWe48zmG6wbCheo/G2ZnHx4fs3EU6YC6UM8rk56gAjNJ9P3MTH2jo5jb92/K6wbng==",
      "dependencies": [
        "@babel/types"
      ]
    },
    "@types/babylon@6.16.9": {
      "integrity": "sha512-sEKyxMVEowhcr8WLfN0jJYe4gS4Z9KC2DGz0vqfC7+MXFbmvOF7jSjALC77thvAO2TLgFUPa9vDeOak+AcUrZA==",
      "dependencies": [
        "@types/babel-types"
      ]
    },
    "@types/node@22.5.4": {
      "integrity": "sha512-FDuKUJQm/ju9fT/SeX/6+gBzoPzlVCzfzmGkwKvRHQVxi4BntVbyIwf6a4Xn62mrvndLiml6z/UBXIdEVjQLXg==",
      "dependencies": [
        "undici-types"
      ]
    },
    "browserslist@4.25.0": {
      "integrity": "sha512-PJ8gYKeS5e/whHBh8xrwYK+dAvEj7JXtz6uTucnMRB8OiGTsKccFekoRrjajPBHV8oOY+2tI4uxeceSimKwMFA==",
      "dependencies": [
        "caniuse-lite",
        "electron-to-chromium",
        "node-releases",
        "update-browserslist-db"
      ]
    },
    "caniuse-lite@1.0.30001723": {
      "integrity": "sha512-1R/elMjtehrFejxwmexeXAtae5UO9iSyFn6G/I806CYC/BLyyBk1EPhrKBkWhy6wM6Xnm47dSJQec+tLJ39WHw=="
    },
    "convert-source-map@2.0.0": {
      "integrity": "sha512-Kvp459HrV2FEJ1CAsi1Ku+MY3kasH19TFykTz2xWmMeq6bk2NU3XXvfJ+Q61m0xktWwt+1HSYf3JZsTms3aRJg=="
    },
    "debug@4.4.1": {
      "integrity": "sha512-KcKCqiftBJcZr++7ykoDIEwSa3XWowTfNPo92BYxjXiyYEVrUQh2aLyhxBCwww+heortUFxEJYcRzosstTEBYQ==",
      "dependencies": [
        "ms"
      ]
    },
    "electron-to-chromium@1.5.167": {
      "integrity": "sha512-LxcRvnYO5ez2bMOFpbuuVuAI5QNeY1ncVytE/KXaL6ZNfzX1yPlAO0nSOyIHx2fVAuUprMqPs/TdVhUFZy7SIQ=="
    },
    "escalade@3.2.0": {
      "integrity": "sha512-WUj2qlxaQtO4g6Pq5c29GTcWGDyd8itL8zTlipgECz3JesAiiOKotd8JU6otB3PACgG6xkJUyVhboMS+bje/jA=="
    },
    "gensync@1.0.0-beta.2": {
      "integrity": "sha512-3hN7NaskYvMDLQY55gnW3NQ+mesEAepTqlg+VEbj7zzqEMBVNhzcGYYeqFo/TlYz6eQiFcp1HcsCZO+nGgS8zg=="
    },
    "globals@11.12.0": {
      "integrity": "sha512-WOBp/EEGUiIsJSp7wcv/y6MO+lV9UoncWqxuFfm8eBwzWNgyfBd6Gz+IeKQ9jCmyhoH99g15M3T+QaVHFjizVA=="
    },
    "js-tokens@4.0.0": {
      "integrity": "sha512-RdJUflcE3cUzKiMqQgsCu06FPu9UdIJO0beYbPhHN4k6apgJtifcoCtT9bcxOpYBtpD2kCM6Sbzg4CausW/PKQ=="
    },
    "jsesc@3.1.0": {
      "integrity": "sha512-/sM3dO2FOzXjKQhJuo0Q173wf2KOo8t4I8vHy6lF9poUp7bKT0/NHE8fPX23PwfhnykfqnC2xRxOnVw5XuGIaA=="
    },
    "json5@2.2.3": {
      "integrity": "sha512-XmOWe7eyHYH14cLdVPoyg+GOH3rYX++KpzrylJwSW98t3Nk+U8XOl8FWKOgwtzdb8lXGf6zYwDUzeHMWfxasyg=="
    },
    "lru-cache@5.1.1": {
      "integrity": "sha512-KpNARQA3Iwv+jTA0utUVVbrh+Jlrr1Fv0e56GGzAFOXN7dk/FviaDW8LHmK52DlcH4WP2n6gI8vN1aesBFgo9w==",
      "dependencies": [
        "yallist"
      ]
    },
    "ms@2.1.3": {
      "integrity": "sha512-6FlzubTLZG3J2a/NVCAleEhjzq5oxgHyaCU9yYXvcLsvoVaHJq/s5xXI6/XXP6tz7R9xAOtHnSO/tXtF3WRTlA=="
    },
    "node-releases@2.0.19": {
      "integrity": "sha512-xxOWJsBKtzAq7DY0J+DTzuz58K8e7sJbdgwkbMWQe8UYB6ekmsQ45q0M/tJDsGaZmbC+l7n57UV8Hl5tHxO9uw=="
    },
    "picocolors@1.1.1": {
      "integrity": "sha512-xceH2snhtb5M9liqDsmEw56le376mTZkEX/jEb/RxNFyegNul7eNslCXP9FDj/Lcu0X8KEyMceP2ntpaHrDEVA=="
    },
    "semver@6.3.1": {
      "integrity": "sha512-BR7VvDCVHO+q2xBEWskxS6DJE1qRnb7DxzUrogb71CWoSficBxYsiAGd+Kl0mmq/MprG9yArRkyrQxTO6XjMzA=="
    },
    "undici-types@6.19.8": {
      "integrity": "sha512-ve2KP6f/JnbPBFyobGHuerC9g1FYGn/F8n1LWTwNxCEzd6IfqTwUQcNXgEtmmQ6DlRrC1hrSrBnCZPokRrDHjw=="
    },
    "update-browserslist-db@1.1.3_browserslist@4.25.0": {
      "integrity": "sha512-UxhIZQ+QInVdunkDAaiazvvT/+fXL5Osr0JZlJulepYu6Jd7qJtDZjlur0emRlT71EN3ScPoE7gvsuIKKNavKw==",
      "dependencies": [
        "browserslist",
        "escalade",
        "picocolors"
      ]
    },
    "yallist@3.1.1": {
      "integrity": "sha512-a4UGQaWPH59mOXUYnAG2ewncQS4i4F43Tv3JoAM+s2VDAmS9NsK8GpDMLrCHPksFT7h3K6TOoUNn2pb7RoXx4g=="
    }
  },
  "workspace": {
    "dependencies": [
      "npm:@babel/core@^7.26.10",
      "npm:@babel/preset-env@^7.26.9",
      "npm:@babel/preset-react@^7.26.3",
      "npm:babel-minify@~0.5.2",
      "npm:express@^4.21.2",
      "npm:sequelize@^6.37.7",
      "npm:socket.io@^4.8.1",
      "npm:sqlite3@^5.1.7"
    ]
  }
}
